
Microsoft Visual Studio Solution File, Format Version 12.00
# Visual Studio Version 17
VisualStudioVersion = 17.4.32916.344
MinimumVisualStudioVersion = 10.0.40219.1
Project("{9A19103F-16F7-4668-BE54-9A1E7A4F7556}") = "LibSm64Sharp", "LibSm64Sharp\LibSm64Sharp.csproj", "{F5DC030A-EE6E-466C-A37B-87DD0E19CB9F}"
EndProject
Project("{9A19103F-16F7-4668-BE54-9A1E7A4F7556}") = "LibSm64SharpTests", "LibSm64SharpTests\LibSm64SharpTests.csproj", "{E3A930D6-1DB2-4927-90F5-7C8A34124EAF}"
EndProject
Project("{9A19103F-16F7-4668-BE54-9A1E7A4F7556}") = "Demo Project", "Demo Project\Demo Project.csproj", "{576D6A84-8754-465F-8993-C8FFF1F18F37}"
EndProject
Project("{FAE04EC0-301F-11D3-BF4B-00C04F79EFBC}") = "Quad64", "Quad64\Quad64.csproj", "{93C4105D-229B-4125-B55D-7E5E25FA53A1}"
EndProject
Global
	GlobalSection(SolutionConfigurationPlatforms) = preSolution
		Debug|Any CPU = Debug|Any CPU
		Debug|x64 = Debug|x64
		Debug|x86 = Debug|x86
		Release|Any CPU = Release|Any CPU
		Release|x64 = Release|x64
		Release|x86 = Release|x86
	EndGlobalSection
	GlobalSection(ProjectConfigurationPlatforms) = postSolution
		{F5DC030A-EE6E-466C-A37B-87DD0E19CB9F}.Debug|Any CPU.ActiveCfg = Debug|x64
		{F5DC030A-EE6E-466C-A37B-87DD0E19CB9F}.Debug|Any CPU.Build.0 = Debug|x64
		{F5DC030A-EE6E-466C-A37B-87DD0E19CB9F}.Debug|x64.ActiveCfg = Debug|x64
		{F5DC030A-EE6E-466C-A37B-87DD0E19CB9F}.Debug|x64.Build.0 = Debug|x64
		{F5DC030A-EE6E-466C-A37B-87DD0E19CB9F}.Debug|x86.ActiveCfg = Debug|x86
		{F5DC030A-EE6E-466C-A37B-87DD0E19CB9F}.Debug|x86.Build.0 = Debug|x86
		{F5DC030A-EE6E-466C-A37B-87DD0E19CB9F}.Release|Any CPU.ActiveCfg = Release|x64
		{F5DC030A-EE6E-466C-A37B-87DD0E19CB9F}.Release|Any CPU.Build.0 = Release|x64
		{F5DC030A-EE6E-466C-A37B-87DD0E19CB9F}.Release|x64.ActiveCfg = Release|x64
		{F5DC030A-EE6E-466C-A37B-87DD0E19CB9F}.Release|x64.Build.0 = Release|x64
		{F5DC030A-EE6E-466C-A37B-87DD0E19CB9F}.Release|x86.ActiveCfg = Release|x86
		{F5DC030A-EE6E-466C-A37B-87DD0E19CB9F}.Release|x86.Build.0 = Release|x86
		{E3A930D6-1DB2-4927-90F5-7C8A34124EAF}.Debug|Any CPU.ActiveCfg = Debug|x64
		{E3A930D6-1DB2-4927-90F5-7C8A34124EAF}.Debug|Any CPU.Build.0 = Debug|x64
		{E3A930D6-1DB2-4927-90F5-7C8A34124EAF}.Debug|x64.ActiveCfg = Debug|x64
		{E3A930D6-1DB2-4927-90F5-7C8A34124EAF}.Debug|x64.Build.0 = Debug|x64
		{E3A930D6-1DB2-4927-90F5-7C8A34124EAF}.Debug|x86.ActiveCfg = Debug|x86
		{E3A930D6-1DB2-4927-90F5-7C8A34124EAF}.Debug|x86.Build.0 = Debug|x86
		{E3A930D6-1DB2-4927-90F5-7C8A34124EAF}.Release|Any CPU.ActiveCfg = Release|x64
		{E3A930D6-1DB2-4927-90F5-7C8A34124EAF}.Release|Any CPU.Build.0 = Release|x64
		{E3A930D6-1DB2-4927-90F5-7C8A34124EAF}.Release|x64.ActiveCfg = Release|x64
		{E3A930D6-1DB2-4927-90F5-7C8A34124EAF}.Release|x64.Build.0 = Release|x64
		{E3A930D6-1DB2-4927-90F5-7C8A34124EAF}.Release|x86.ActiveCfg = Release|x86
		{E3A930D6-1DB2-4927-90F5-7C8A34124EAF}.Release|x86.Build.0 = Release|x86
		{576D6A84-8754-465F-8993-C8FFF1F18F37}.Debug|Any CPU.ActiveCfg = Debug|x64
		{576D6A84-8754-465F-8993-C8FFF1F18F37}.Debug|Any CPU.Build.0 = Debug|x64
		{576D6A84-8754-465F-8993-C8FFF1F18F37}.Debug|x64.ActiveCfg = Debug|x64
		{576D6A84-8754-465F-8993-C8FFF1F18F37}.Debug|x64.Build.0 = Debug|x64
		{576D6A84-8754-465F-8993-C8FFF1F18F37}.Debug|x86.ActiveCfg = Debug|x86
		{576D6A84-8754-465F-8993-C8FFF1F18F37}.Debug|x86.Build.0 = Debug|x86
		{576D6A84-8754-465F-8993-C8FFF1F18F37}.Release|Any CPU.ActiveCfg = Release|x64
		{576D6A84-8754-465F-8993-C8FFF1F18F37}.Release|Any CPU.Build.0 = Release|x64
		{576D6A84-8754-465F-8993-C8FFF1F18F37}.Release|x64.ActiveCfg = Release|x64
		{576D6A84-8754-465F-8993-C8FFF1F18F37}.Release|x64.Build.0 = Release|x64
		{576D6A84-8754-465F-8993-C8FFF1F18F37}.Release|x86.ActiveCfg = Release|x86
		{576D6A84-8754-465F-8993-C8FFF1F18F37}.Release|x86.Build.0 = Release|x86
		{93C4105D-229B-4125-B55D-7E5E25FA53A1}.Debug|Any CPU.ActiveCfg = Debug|x64
		{93C4105D-229B-4125-B55D-7E5E25FA53A1}.Debug|Any CPU.Build.0 = Debug|x64
		{93C4105D-229B-4125-B55D-7E5E25FA53A1}.Debug|x64.ActiveCfg = Debug|x64
		{93C4105D-229B-4125-B55D-7E5E25FA53A1}.Debug|x64.Build.0 = Debug|x64
		{93C4105D-229B-4125-B55D-7E5E25FA53A1}.Debug|x86.ActiveCfg = Debug|x86
		{93C4105D-229B-4125-B55D-7E5E25FA53A1}.Debug|x86.Build.0 = Debug|x86
		{93C4105D-229B-4125-B55D-7E5E25FA53A1}.Release|Any CPU.ActiveCfg = Release|Any CPU
		{93C4105D-229B-4125-B55D-7E5E25FA53A1}.Release|Any CPU.Build.0 = Release|Any CPU
		{93C4105D-229B-4125-B55D-7E5E25FA53A1}.Release|x64.ActiveCfg = Release|Any CPU
		{93C4105D-229B-4125-B55D-7E5E25FA53A1}.Release|x64.Build.0 = Release|Any CPU
		{93C4105D-229B-4125-B55D-7E5E25FA53A1}.Release|x86.ActiveCfg = Release|Any CPU
		{93C4105D-229B-4125-B55D-7E5E25FA53A1}.Release|x86.Build.0 = Release|Any CPU
	EndGlobalSection
	GlobalSection(SolutionProperties) = preSolution
		HideSolutionNode = FALSE
	EndGlobalSection
	GlobalSection(ExtensibilityGlobals) = postSolution
		SolutionGuid = {49F0293E-4444-4266-B1B0-0D65DE274654}
	EndGlobalSection
EndGlobal
